
Microsoft Visual Studio Solution File, Format Version 12.00
# Visual Studio Version 17
VisualStudioVersion = 17.12.35514.174 d17.12
MinimumVisualStudioVersion = 10.0.40219.1
Project("{FAE04EC0-301F-11D3-BF4B-00C04F79EFBC}") = "Mht_GWP", "Mht_GWP\Mht_GWP.csproj", "{AC902DB5-5B77-4FFA-9470-DD12D496A53D}"
EndProject
Project("{E24C65DC-7377-472B-9ABA-BC803B73C61A}") = "GWP_MHT", "..\GWP_MHT\", "{CB7AE68F-8303-4D2F-943E-1F5562AAEA76}"
	ProjectSection(WebsiteProperties) = preProject
		TargetFrameworkMoniker = ".NETFramework,Version%3Dv2.0"
		Debug.AspNetCompiler.VirtualPath = "/localhost_55450"
		Debug.AspNetCompiler.PhysicalPath = "..\GWP_MHT\"
		Debug.AspNetCompiler.TargetPath = "PrecompiledWeb\localhost_55450\"
		Debug.AspNetCompiler.Updateable = "true"
		Debug.AspNetCompiler.ForceOverwrite = "true"
		Debug.AspNetCompiler.FixedNames = "false"
		Debug.AspNetCompiler.Debug = "True"
		Release.AspNetCompiler.VirtualPath = "/localhost_55450"
		Release.AspNetCompiler.PhysicalPath = "..\GWP_MHT\"
		Release.AspNetCompiler.TargetPath = "PrecompiledWeb\localhost_55450\"
		Release.AspNetCompiler.Updateable = "true"
		Release.AspNetCompiler.ForceOverwrite = "true"
		Release.AspNetCompiler.FixedNames = "false"
		Release.AspNetCompiler.Debug = "False"
		VWDPort = "55450"
		SlnRelativePath = "..\GWP_MHT\"
	EndProjectSection
EndProject
Global
	GlobalSection(SolutionConfigurationPlatforms) = preSolution
		Debug|Any CPU = Debug|Any CPU
		Release|Any CPU = Release|Any CPU
	EndGlobalSection
	GlobalSection(ProjectConfigurationPlatforms) = postSolution
		{AC902DB5-5B77-4FFA-9470-DD12D496A53D}.Debug|Any CPU.ActiveCfg = Debug|Any CPU
		{AC902DB5-5B77-4FFA-9470-DD12D496A53D}.Debug|Any CPU.Build.0 = Debug|Any CPU
		{AC902DB5-5B77-4FFA-9470-DD12D496A53D}.Release|Any CPU.ActiveCfg = Release|Any CPU
		{AC902DB5-5B77-4FFA-9470-DD12D496A53D}.Release|Any CPU.Build.0 = Release|Any CPU
		{CB7AE68F-8303-4D2F-943E-1F5562AAEA76}.Debug|Any CPU.ActiveCfg = Debug|Any CPU
		{CB7AE68F-8303-4D2F-943E-1F5562AAEA76}.Debug|Any CPU.Build.0 = Debug|Any CPU
		{CB7AE68F-8303-4D2F-943E-1F5562AAEA76}.Release|Any CPU.ActiveCfg = Debug|Any CPU
		{CB7AE68F-8303-4D2F-943E-1F5562AAEA76}.Release|Any CPU.Build.0 = Debug|Any CPU
	EndGlobalSection
	GlobalSection(SolutionProperties) = preSolution
		HideSolutionNode = FALSE
	EndGlobalSection
EndGlobal
